<?xml version="1.0" encoding="UTF-8" standalone="yes" ?>
<CodeBlocks_project_file>
	<FileVersion major="1" minor="6" />
	<Project>
		<Option title="erg.TB-EdColorPicker" />
		<Option pch_mode="2" />
		<Option compiler="gcc" />
		<Option virtualFolders="EdColorPicker/;EdColorPicker/buffer/;res/;build/;notes/;omni/;build/TestHelpers/;EdColorPicker/versions/;" />
		<Build>
			<Target title="GenColors">
				<Option output="bin/D/erg" prefix_auto="1" extension_auto="1" />
				<Option object_output="obj/D/" />
				<Option type="1" />
				<Option compiler="gcc" />
				<Compiler>
					<Add option="-g" />
				</Compiler>
				<ExtraCommands>
					<Add before="cd $(PROJECT_DIR)" />
					<Add before="chmod u=rwx ./build/build.bash" />
					<Add before="./build/build.bash --gencolors" />
				</ExtraCommands>
			</Target>
			<Target title="Export-Helpers">
				<Option output="bin/D/erg" prefix_auto="1" extension_auto="1" />
				<Option object_output="obj/D/" />
				<Option type="1" />
				<Option compiler="gcc" />
				<Compiler>
					<Add option="-g" />
				</Compiler>
				<ExtraCommands>
					<Add before="cd $(PROJECT_DIR)" />
					<Add before="chmod u=rwx ./build/build.bash" />
					<Add before="./build/build.bash --export-helpers" />
				</ExtraCommands>
			</Target>
			<Target title="XP-D">
				<Option output="bin/D/erg" prefix_auto="1" extension_auto="1" />
				<Option object_output="obj/D/" />
				<Option type="1" />
				<Option compiler="gcc" />
				<Compiler>
					<Add option="-g" />
				</Compiler>
				<ExtraCommands>
					<Add before="cd $(PROJECT_DIR)" />
					<Add before="chmod u=rwx ./build/build.bash" />
					<Add before="./build/build.bash --buildD --export" />
				</ExtraCommands>
			</Target>
			<Target title="XP-R">
				<Option output="bin/D/erg" prefix_auto="1" extension_auto="1" />
				<Option object_output="obj/D/" />
				<Option type="1" />
				<Option compiler="gcc" />
				<Compiler>
					<Add option="-g" />
				</Compiler>
				<ExtraCommands>
					<Add before="cd $(PROJECT_DIR)" />
					<Add before="chmod u=rwx ./build/build.bash" />
					<Add before="./build/build.bash --buildR --export" />
				</ExtraCommands>
			</Target>
			<Target title="XP+MC-D">
				<Option output="bin/D/erg" prefix_auto="1" extension_auto="1" />
				<Option object_output="obj/D/" />
				<Option type="1" />
				<Option compiler="gcc" />
				<Compiler>
					<Add option="-g" />
				</Compiler>
				<ExtraCommands>
					<Add before="cd $(PROJECT_DIR)" />
					<Add before="chmod u=rwx ./build/build.bash" />
					<Add before="./build/build.bash --buildD --buildMC --export" />
				</ExtraCommands>
			</Target>
			<Target title="XP+MC-R">
				<Option output="bin/D/erg" prefix_auto="1" extension_auto="1" />
				<Option object_output="obj/D/" />
				<Option type="1" />
				<Option compiler="gcc" />
				<Compiler>
					<Add option="-g" />
				</Compiler>
				<ExtraCommands>
					<Add before="cd $(PROJECT_DIR)" />
					<Add before="chmod u=rwx ./build/build.bash" />
					<Add before="./build/build.bash --buildR --buildMC --export" />
				</ExtraCommands>
			</Target>
			<Target title="All">
				<Option output="bin/D/erg" prefix_auto="1" extension_auto="1" />
				<Option object_output="obj/D/" />
				<Option type="1" />
				<Option compiler="gcc" />
				<Compiler>
					<Add option="-g" />
				</Compiler>
				<ExtraCommands>
					<Add before="cd $(PROJECT_DIR)" />
					<Add before="chmod u=rwx ./build/build.bash" />
					<Add before="./build/build.bash --gencolors --export --export-helpers" />
				</ExtraCommands>
			</Target>
		</Build>
		<Compiler>
			<Add option="-Wall" />
		</Compiler>
		<Unit filename="../../../../sys/usr/local/Thunderbird/omni-78.8.1/chrome/messenger/content/messenger/messengercompose/EdColorPicker.js">
			<Option virtualFolder="omni/" />
		</Unit>
		<Unit filename="../../../../sys/usr/local/Thunderbird/omni-78.8.1/chrome/messenger/content/messenger/messengercompose/EdColorPicker.xhtml">
			<Option virtualFolder="omni/" />
		</Unit>
		<Unit filename="build/0brun-tb.bash">
			<Option virtualFolder="build/TestHelpers/" />
		</Unit>
		<Unit filename="build/0build-assets.bash">
			<Option virtualFolder="build/TestHelpers/" />
		</Unit>
		<Unit filename="build/0check.bash">
			<Option virtualFolder="build/TestHelpers/" />
		</Unit>
		<Unit filename="build/0srun-tb.bash">
			<Option virtualFolder="build/TestHelpers/" />
		</Unit>
		<Unit filename="build/build.bash">
			<Option virtualFolder="build/" />
		</Unit>
		<Unit filename="notes/bugs.txt">
			<Option virtualFolder="notes/" />
		</Unit>
		<Unit filename="notes/changelog.txt">
			<Option virtualFolder="notes/" />
		</Unit>
		<Unit filename="notes/todo.txt">
			<Option virtualFolder="notes/" />
		</Unit>
		<Unit filename="res/css-colors--generate.bash">
			<Option virtualFolder="res/" />
		</Unit>
		<Unit filename="res/css-colors-147--raw.txt">
			<Option virtualFolder="res/" />
		</Unit>
		<Unit filename="res/css-colors-147-blue--raw.txt">
			<Option virtualFolder="res/" />
		</Unit>
		<Unit filename="res/css-colors-147-brown--raw.txt">
			<Option virtualFolder="res/" />
		</Unit>
		<Unit filename="res/css-colors-147-cyan--raw.txt">
			<Option virtualFolder="res/" />
		</Unit>
		<Unit filename="res/css-colors-147-green--raw.txt">
			<Option virtualFolder="res/" />
		</Unit>
		<Unit filename="res/css-colors-147-grey--raw.txt">
			<Option virtualFolder="res/" />
		</Unit>
		<Unit filename="res/css-colors-147-orange--raw.txt">
			<Option virtualFolder="res/" />
		</Unit>
		<Unit filename="res/css-colors-147-pink--raw.txt">
			<Option virtualFolder="res/" />
		</Unit>
		<Unit filename="res/css-colors-147-purple--raw.txt">
			<Option virtualFolder="res/" />
		</Unit>
		<Unit filename="res/css-colors-147-red--raw.txt">
			<Option virtualFolder="res/" />
		</Unit>
		<Unit filename="res/css-colors-147-white--raw.txt">
			<Option virtualFolder="res/" />
		</Unit>
		<Unit filename="res/css-colors-147-yellow--raw.txt">
			<Option virtualFolder="res/" />
		</Unit>
		<Unit filename="src/EdColorPicker-template.js">
			<Option virtualFolder="EdColorPicker/" />
		</Unit>
		<Unit filename="src/EdColorPicker-template.xhtml">
			<Option virtualFolder="EdColorPicker/" />
		</Unit>
		<Unit filename="src/buffer/buffer.js">
			<Option virtualFolder="EdColorPicker/buffer/" />
			<Option target="XP-R" />
			<Option target="All" />
			<Option target="Export-Helpers" />
			<Option target="XP-D" />
			<Option target="XP+MC-D" />
			<Option target="XP+MC-R" />
		</Unit>
		<Unit filename="src/messengercompose-91.05.00.xhtml">
			<Option virtualFolder="EdColorPicker/" />
		</Unit>
		<Unit filename="src/messengercompose-template.xhtml">
			<Option virtualFolder="EdColorPicker/" />
		</Unit>
		<Unit filename="src/version-current-lpc.txt">
			<Option virtualFolder="EdColorPicker/versions/" />
		</Unit>
		<Unit filename="src/version-current-mcxhtml.txt">
			<Option virtualFolder="EdColorPicker/versions/" />
		</Unit>
		<Unit filename="src/version-current-tb.txt">
			<Option virtualFolder="EdColorPicker/versions/" />
		</Unit>
		<Extensions>
			<envvars />
			<code_completion />
			<debugger />
		</Extensions>
	</Project>
</CodeBlocks_project_file>
